<?xml version="1.0" encoding="utf-8"?>
<Project ToolsVersion="4.0" xmlns="http://schemas.microsoft.com/developer/msbuild/2003">
  <ItemGroup>
    <Filter Include="Library Header Files">
    </Filter>
  </ItemGroup>
  <ItemGroup>
    <ClInclude Include="..\addin.h">
      <Filter>Library Header Files</Filter>
    </ClInclude>
  </ItemGroup>
  <ItemGroup>
    <ClCompile Include="EasyAddinTests.cpp" />
  </ItemGroup>
</Project>